
Microsoft Visual Studio Solution File, Format Version 12.00
# Visual Studio Version 16
VisualStudioVersion = 16.0.29326.143
MinimumVisualStudioVersion = 10.0.40219.1
Project("{FAE04EC0-301F-11D3-BF4B-00C04F79EFBC}") = "APZ-BACKEND", "APZ-BACKEND\APZ-BACKEND.csproj", "{6D678011-44B7-4DE1-8071-97C3D7CA0641}"
EndProject
Global
	GlobalSection(SolutionConfigurationPlatforms) = preSolution
		Debug|Any CPU = Debug|Any CPU
		Release|Any CPU = Release|Any CPU
	EndGlobalSection
	GlobalSection(ProjectConfigurationPlatforms) = postSolution
		{6D678011-44B7-4DE1-8071-97C3D7CA0641}.Debug|Any CPU.ActiveCfg = Debug|Any CPU
		{6D678011-44B7-4DE1-8071-97C3D7CA0641}.Debug|Any CPU.Build.0 = Debug|Any CPU
		{6D678011-44B7-4DE1-8071-97C3D7CA0641}.Release|Any CPU.ActiveCfg = Release|Any CPU
		{6D678011-44B7-4DE1-8071-97C3D7CA0641}.Release|Any CPU.Build.0 = Release|Any CPU
	EndGlobalSection
	GlobalSection(SolutionProperties) = preSolution
		HideSolutionNode = FALSE
	EndGlobalSection
	GlobalSection(ExtensibilityGlobals) = postSolution
		SolutionGuid = {C9BF3D92-57D2-47F4-8568-9E2B7C778D42}
	EndGlobalSection
EndGlobal
